
Microsoft Visual Studio Solution File, Format Version 12.00
# Visual Studio Version 16
VisualStudioVersion = 16.0.34601.136
MinimumVisualStudioVersion = 10.0.40219.1
Project("{FAE04EC0-301F-11D3-BF4B-00C04F79EFBC}") = "CRUD", "CRUD\CRUD.csproj", "{009B9F6E-ACFD-4907-A2BE-50F50014EDCE}"
EndProject
Global
	GlobalSection(SolutionConfigurationPlatforms) = preSolution
		Debug|Any CPU = Debug|Any CPU
		Release|Any CPU = Release|Any CPU
	EndGlobalSection
	GlobalSection(ProjectConfigurationPlatforms) = postSolution
		{009B9F6E-ACFD-4907-A2BE-50F50014EDCE}.Debug|Any CPU.ActiveCfg = Debug|Any CPU
		{009B9F6E-ACFD-4907-A2BE-50F50014EDCE}.Debug|Any CPU.Build.0 = Debug|Any CPU
		{009B9F6E-ACFD-4907-A2BE-50F50014EDCE}.Release|Any CPU.ActiveCfg = Release|Any CPU
		{009B9F6E-ACFD-4907-A2BE-50F50014EDCE}.Release|Any CPU.Build.0 = Release|Any CPU
	EndGlobalSection
	GlobalSection(SolutionProperties) = preSolution
		HideSolutionNode = FALSE
	EndGlobalSection
	GlobalSection(ExtensibilityGlobals) = postSolution
		SolutionGuid = {3AEAA0AD-00E2-4B4B-AA39-CB4315B3E876}
	EndGlobalSection
EndGlobal
